
Microsoft Visual Studio Solution File, Format Version 12.00
# Visual Studio 15
VisualStudioVersion = 15.0.28010.2046
MinimumVisualStudioVersion = 10.0.40219.1
Project("{FAE04EC0-301F-11D3-BF4B-00C04F79EFBC}") = "PINLogin1", "PINLogin1\PINLogin1.csproj", "{364BE535-72B9-4F7A-A358-94D8E620E8BC}"
EndProject
Global
	GlobalSection(SolutionConfigurationPlatforms) = preSolution
		Debug|Any CPU = Debug|Any CPU
		Release|Any CPU = Release|Any CPU
	EndGlobalSection
	GlobalSection(ProjectConfigurationPlatforms) = postSolution
		{364BE535-72B9-4F7A-A358-94D8E620E8BC}.Debug|Any CPU.ActiveCfg = Debug|Any CPU
		{364BE535-72B9-4F7A-A358-94D8E620E8BC}.Debug|Any CPU.Build.0 = Debug|Any CPU
		{364BE535-72B9-4F7A-A358-94D8E620E8BC}.Release|Any CPU.ActiveCfg = Release|Any CPU
		{364BE535-72B9-4F7A-A358-94D8E620E8BC}.Release|Any CPU.Build.0 = Release|Any CPU
	EndGlobalSection
	GlobalSection(SolutionProperties) = preSolution
		HideSolutionNode = FALSE
	EndGlobalSection
	GlobalSection(ExtensibilityGlobals) = postSolution
		SolutionGuid = {3AA089DF-3F9B-47A2-88A9-E6846CCDBAC4}
	EndGlobalSection
EndGlobal
